
Microsoft Visual Studio Solution File, Format Version 12.00
# Visual Studio Version 17
VisualStudioVersion = 17.9.34714.143
MinimumVisualStudioVersion = 10.0.40219.1
Project("{FAE04EC0-301F-11D3-BF4B-00C04F79EFBC}") = "Exercicio_Robson1", "Exercicio_Robson1.csproj", "{BC96DDC4-C2E5-4379-A991-E9FBA6ED29E2}"
EndProject
Global
	GlobalSection(SolutionConfigurationPlatforms) = preSolution
		Debug|Any CPU = Debug|Any CPU
		Release|Any CPU = Release|Any CPU
	EndGlobalSection
	GlobalSection(ProjectConfigurationPlatforms) = postSolution
		{BC96DDC4-C2E5-4379-A991-E9FBA6ED29E2}.Debug|Any CPU.ActiveCfg = Debug|Any CPU
		{BC96DDC4-C2E5-4379-A991-E9FBA6ED29E2}.Debug|Any CPU.Build.0 = Debug|Any CPU
		{BC96DDC4-C2E5-4379-A991-E9FBA6ED29E2}.Release|Any CPU.ActiveCfg = Release|Any CPU
		{BC96DDC4-C2E5-4379-A991-E9FBA6ED29E2}.Release|Any CPU.Build.0 = Release|Any CPU
	EndGlobalSection
	GlobalSection(SolutionProperties) = preSolution
		HideSolutionNode = FALSE
	EndGlobalSection
	GlobalSection(ExtensibilityGlobals) = postSolution
		SolutionGuid = {0B404A10-1CE5-48A2-BCAC-41B01DF60E2C}
	EndGlobalSection
EndGlobal
